
Microsoft Visual Studio Solution File, Format Version 12.00
# Visual Studio Version 16
VisualStudioVersion = 16.0.29926.136
MinimumVisualStudioVersion = 10.0.40219.1
Project("{FAE04EC0-301F-11D3-BF4B-00C04F79EFBC}") = "Solcase Document Migration Utility", "Solcase Document Migration Utility.csproj", "{FDAE2691-7BC4-4703-AAFD-5B07D10E9FBD}"
EndProject
Global
	GlobalSection(SolutionConfigurationPlatforms) = preSolution
		Debug|Any CPU = Debug|Any CPU
		Release|Any CPU = Release|Any CPU
	EndGlobalSection
	GlobalSection(ProjectConfigurationPlatforms) = postSolution
		{FDAE2691-7BC4-4703-AAFD-5B07D10E9FBD}.Debug|Any CPU.ActiveCfg = Debug|Any CPU
		{FDAE2691-7BC4-4703-AAFD-5B07D10E9FBD}.Debug|Any CPU.Build.0 = Debug|Any CPU
		{FDAE2691-7BC4-4703-AAFD-5B07D10E9FBD}.Release|Any CPU.ActiveCfg = Release|Any CPU
		{FDAE2691-7BC4-4703-AAFD-5B07D10E9FBD}.Release|Any CPU.Build.0 = Release|Any CPU
	EndGlobalSection
	GlobalSection(SolutionProperties) = preSolution
		HideSolutionNode = FALSE
	EndGlobalSection
	GlobalSection(ExtensibilityGlobals) = postSolution
		SolutionGuid = {DA7625EC-4397-4376-943E-5D2BB5496F0C}
	EndGlobalSection
EndGlobal
